
Microsoft Visual Studio Solution File, Format Version 12.00
# Visual Studio Version 17
VisualStudioVersion = 17.6.33801.468
MinimumVisualStudioVersion = 10.0.40219.1
Project("{FAE04EC0-301F-11D3-BF4B-00C04F79EFBC}") = "LabExam1", "LabExam1.csproj", "{08ED12DD-937C-48D6-A375-5B2BE773284D}"
EndProject
Global
	GlobalSection(SolutionConfigurationPlatforms) = preSolution
		Debug|Any CPU = Debug|Any CPU
		Release|Any CPU = Release|Any CPU
	EndGlobalSection
	GlobalSection(ProjectConfigurationPlatforms) = postSolution
		{08ED12DD-937C-48D6-A375-5B2BE773284D}.Debug|Any CPU.ActiveCfg = Debug|Any CPU
		{08ED12DD-937C-48D6-A375-5B2BE773284D}.Debug|Any CPU.Build.0 = Debug|Any CPU
		{08ED12DD-937C-48D6-A375-5B2BE773284D}.Release|Any CPU.ActiveCfg = Release|Any CPU
		{08ED12DD-937C-48D6-A375-5B2BE773284D}.Release|Any CPU.Build.0 = Release|Any CPU
	EndGlobalSection
	GlobalSection(SolutionProperties) = preSolution
		HideSolutionNode = FALSE
	EndGlobalSection
	GlobalSection(ExtensibilityGlobals) = postSolution
		SolutionGuid = {0E7E7CB4-8051-450F-8489-72B091AAEDC5}
	EndGlobalSection
EndGlobal
